# THIS IS AN AUTOGENERATED FILE. DO NOT EDIT THIS FILE DIRECTLY.
# yarn lockfile v1


discord-akairo@^8.1.0:
  version "8.1.0"
  resolved "https://registry.yarnpkg.com/discord-akairo/-/discord-akairo-8.1.0.tgz#9f3d910e12c197d40d3522a3a93679e2a746a6ca"
  integrity sha512-INWYmHo6NgyYx1ZKGSCmgznVfvkXpWGj4fGCGjO8IPkZ06Bidb9YKr4rXy2lwG0kprCjvqY0qbbhcw6N050abQ==
